{
  "nodes": {
    "flake-parts": {
      "inputs": {
        "nixpkgs-lib": "nixpkgs-lib"
      },
      "locked": {
        "lastModified": 1696343447,
        "narHash": "sha256-B2xAZKLkkeRFG5XcHHSXXcP7To9Xzr59KXeZiRf4vdQ=",
        "owner": "hercules-ci",
        "repo": "flake-parts",
        "rev": "c9afaba3dfa4085dbd2ccb38dfade5141e33d9d4",
        "type": "github"
      },
      "original": {
        "id": "flake-parts",
        "type": "indirect"
      }
    },
    "minetest_game": {
      "flake": false,
      "locked": {
        "lastModified": 1696019473,
        "narHash": "sha256-q1sdV36gTyHIn0fExAiglXEl+hQQWJ82+5S17N2Z2o0=",
        "owner": "minetest",
        "repo": "minetest_game",
        "rev": "34942339c7588cbaf3cbaab3facbe57feaa00e88",
        "type": "github"
      },
      "original": {
        "owner": "minetest",
        "repo": "minetest_game",
        "type": "github"
      }
    },
    "minetest_src": {
      "flake": false,
      "locked": {
        "lastModified": 1696372123,
        "narHash": "sha256-v+AW9BjI1fuC3LGLO7s9VBhX6geJETSp5ZUn5zkkuIQ=",
        "owner": "minetest",
        "repo": "minetest",
        "rev": "8db438130400694c26db87b5149ced2872cb112c",
        "type": "github"
      },
      "original": {
        "owner": "minetest",
        "repo": "minetest",
        "type": "github"
      }
    },
    "minetest_wasm": {
      "flake": false,
      "locked": {
        "lastModified": 1693060229,
        "narHash": "sha256-skoaQi3f6aIiESthWGA1U+iTvxfTWCYmWFNDcSuyF+U=",
        "owner": "paradust7",
        "repo": "minetest-wasm",
        "rev": "801f59d5b688bd9c2307871eded69563dd795862",
        "type": "github"
      },
      "original": {
        "owner": "paradust7",
        "ref": "main",
        "repo": "minetest-wasm",
        "type": "github"
      }
    },
    "nixpkgs": {
      "locked": {
        "lastModified": 1696261572,
        "narHash": "sha256-s8TtSYJ1LBpuITXjbPLUPyxzAKw35LhETcajJjCS5f0=",
        "owner": "NixOS",
        "repo": "nixpkgs",
        "rev": "0c7ffbc66e6d78c50c38e717ec91a2a14e0622fb",
        "type": "github"
      },
      "original": {
        "id": "nixpkgs",
        "type": "indirect"
      }
    },
    "nixpkgs-lib": {
      "locked": {
        "dir": "lib",
        "lastModified": 1696019113,
        "narHash": "sha256-X3+DKYWJm93DRSdC5M6K5hLqzSya9BjibtBsuARoPco=",
        "owner": "NixOS",
        "repo": "nixpkgs",
        "rev": "f5892ddac112a1e9b3612c39af1b72987ee5783a",
        "type": "github"
      },
      "original": {
        "dir": "lib",
        "owner": "NixOS",
        "ref": "nixos-unstable",
        "repo": "nixpkgs",
        "type": "github"
      }
    },
    "root": {
      "inputs": {
        "flake-parts": "flake-parts",
        "minetest_game": "minetest_game",
        "minetest_src": "minetest_src",
        "minetest_wasm": "minetest_wasm",
        "nixpkgs": "nixpkgs"
      }
    }
  },
  "root": "root",
  "version": 7
}
